
Microsoft Visual Studio Solution File, Format Version 12.00
# Visual Studio Version 16
VisualStudioVersion = 16.0.30804.86
MinimumVisualStudioVersion = 10.0.40219.1
Project("{FAE04EC0-301F-11D3-BF4B-00C04F79EFBC}") = "1-PrimeiroProjeto", "1-PrimeiroProjeto\1-PrimeiroProjeto.csproj", "{DD26EA3A-EEB1-441A-BE54-8F1FF651C7BE}"
EndProject
Project("{FAE04EC0-301F-11D3-BF4B-00C04F79EFBC}") = "2-CriandoVariaveis", "2-CriandoVariaveis\2-CriandoVariaveis.csproj", "{8EB9527C-DF1A-4284-80AF-F63224DA5C0F}"
EndProject
Project("{FAE04EC0-301F-11D3-BF4B-00C04F79EFBC}") = "3-ConversoesEOutrosTiposNumericos", "3-ConversoesEOutrosTiposNumericos\3-ConversoesEOutrosTiposNumericos.csproj", "{1A294EAC-15FC-4956-8057-090CEA13DBD7}"
EndProject
Project("{FAE04EC0-301F-11D3-BF4B-00C04F79EFBC}") = "4-CaracteresETextos", "5-CaracteresETextos\4-CaracteresETextos.csproj", "{C441A64A-7AC7-4813-B046-5D20AFDB0C2E}"
EndProject
Project("{FAE04EC0-301F-11D3-BF4B-00C04F79EFBC}") = "5-CondicionalIF", "5-CondicionalIF\5-CondicionalIF.csproj", "{A4F2BE3A-3787-44C2-91FC-15745D984201}"
EndProject
Project("{FAE04EC0-301F-11D3-BF4B-00C04F79EFBC}") = "6-LaçoRepetiçãoWhile", "6-LaçoRepetiçãoWhile\6-LaçoRepetiçãoWhile.csproj", "{AD8DE595-752A-4002-A494-FF40C27375B2}"
EndProject
Project("{FAE04EC0-301F-11D3-BF4B-00C04F79EFBC}") = "7-LaçoRepetiçãoFor", "7-LaçoRepetiçãoFor\7-LaçoRepetiçãoFor.csproj", "{9786AEBF-DAEC-487A-BDE6-D5198F748E98}"
EndProject
Project("{FAE04EC0-301F-11D3-BF4B-00C04F79EFBC}") = "8-Break", "8-Break\8-Break.csproj", "{F6FABECD-F146-4E6E-8871-1350DA13FF38}"
EndProject
Global
	GlobalSection(SolutionConfigurationPlatforms) = preSolution
		Debug|Any CPU = Debug|Any CPU
		Release|Any CPU = Release|Any CPU
	EndGlobalSection
	GlobalSection(ProjectConfigurationPlatforms) = postSolution
		{DD26EA3A-EEB1-441A-BE54-8F1FF651C7BE}.Debug|Any CPU.ActiveCfg = Debug|Any CPU
		{DD26EA3A-EEB1-441A-BE54-8F1FF651C7BE}.Debug|Any CPU.Build.0 = Debug|Any CPU
		{DD26EA3A-EEB1-441A-BE54-8F1FF651C7BE}.Release|Any CPU.ActiveCfg = Release|Any CPU
		{DD26EA3A-EEB1-441A-BE54-8F1FF651C7BE}.Release|Any CPU.Build.0 = Release|Any CPU
		{8EB9527C-DF1A-4284-80AF-F63224DA5C0F}.Debug|Any CPU.ActiveCfg = Debug|Any CPU
		{8EB9527C-DF1A-4284-80AF-F63224DA5C0F}.Debug|Any CPU.Build.0 = Debug|Any CPU
		{8EB9527C-DF1A-4284-80AF-F63224DA5C0F}.Release|Any CPU.ActiveCfg = Release|Any CPU
		{8EB9527C-DF1A-4284-80AF-F63224DA5C0F}.Release|Any CPU.Build.0 = Release|Any CPU
		{1A294EAC-15FC-4956-8057-090CEA13DBD7}.Debug|Any CPU.ActiveCfg = Debug|Any CPU
		{1A294EAC-15FC-4956-8057-090CEA13DBD7}.Debug|Any CPU.Build.0 = Debug|Any CPU
		{1A294EAC-15FC-4956-8057-090CEA13DBD7}.Release|Any CPU.ActiveCfg = Release|Any CPU
		{1A294EAC-15FC-4956-8057-090CEA13DBD7}.Release|Any CPU.Build.0 = Release|Any CPU
		{C441A64A-7AC7-4813-B046-5D20AFDB0C2E}.Debug|Any CPU.ActiveCfg = Debug|Any CPU
		{C441A64A-7AC7-4813-B046-5D20AFDB0C2E}.Debug|Any CPU.Build.0 = Debug|Any CPU
		{C441A64A-7AC7-4813-B046-5D20AFDB0C2E}.Release|Any CPU.ActiveCfg = Release|Any CPU
		{C441A64A-7AC7-4813-B046-5D20AFDB0C2E}.Release|Any CPU.Build.0 = Release|Any CPU
		{A4F2BE3A-3787-44C2-91FC-15745D984201}.Debug|Any CPU.ActiveCfg = Debug|Any CPU
		{A4F2BE3A-3787-44C2-91FC-15745D984201}.Debug|Any CPU.Build.0 = Debug|Any CPU
		{A4F2BE3A-3787-44C2-91FC-15745D984201}.Release|Any CPU.ActiveCfg = Release|Any CPU
		{A4F2BE3A-3787-44C2-91FC-15745D984201}.Release|Any CPU.Build.0 = Release|Any CPU
		{AD8DE595-752A-4002-A494-FF40C27375B2}.Debug|Any CPU.ActiveCfg = Debug|Any CPU
		{AD8DE595-752A-4002-A494-FF40C27375B2}.Debug|Any CPU.Build.0 = Debug|Any CPU
		{AD8DE595-752A-4002-A494-FF40C27375B2}.Release|Any CPU.ActiveCfg = Release|Any CPU
		{AD8DE595-752A-4002-A494-FF40C27375B2}.Release|Any CPU.Build.0 = Release|Any CPU
		{9786AEBF-DAEC-487A-BDE6-D5198F748E98}.Debug|Any CPU.ActiveCfg = Debug|Any CPU
		{9786AEBF-DAEC-487A-BDE6-D5198F748E98}.Debug|Any CPU.Build.0 = Debug|Any CPU
		{9786AEBF-DAEC-487A-BDE6-D5198F748E98}.Release|Any CPU.ActiveCfg = Release|Any CPU
		{9786AEBF-DAEC-487A-BDE6-D5198F748E98}.Release|Any CPU.Build.0 = Release|Any CPU
		{F6FABECD-F146-4E6E-8871-1350DA13FF38}.Debug|Any CPU.ActiveCfg = Debug|Any CPU
		{F6FABECD-F146-4E6E-8871-1350DA13FF38}.Debug|Any CPU.Build.0 = Debug|Any CPU
		{F6FABECD-F146-4E6E-8871-1350DA13FF38}.Release|Any CPU.ActiveCfg = Release|Any CPU
		{F6FABECD-F146-4E6E-8871-1350DA13FF38}.Release|Any CPU.Build.0 = Release|Any CPU
	EndGlobalSection
	GlobalSection(SolutionProperties) = preSolution
		HideSolutionNode = FALSE
	EndGlobalSection
	GlobalSection(ExtensibilityGlobals) = postSolution
		SolutionGuid = {4272478C-0A73-4959-AAD1-8CB43CCFFB9D}
	EndGlobalSection
EndGlobal
